
Microsoft Visual Studio Solution File, Format Version 12.00
# Visual Studio Version 16
VisualStudioVersion = 16.0.30114.105
MinimumVisualStudioVersion = 10.0.40219.1
Project("{9A19103F-16F7-4668-BE54-9A1E7A4F7556}") = "RestWithASPNETUdemy", "RestWithASPNETUdemy\RestWithASPNETUdemy.csproj", "{37459F72-DDB3-48BF-8BF1-83B6F793CE40}"
EndProject
Global
	GlobalSection(SolutionConfigurationPlatforms) = preSolution
		Debug|Any CPU = Debug|Any CPU
		Debug|x64 = Debug|x64
		Debug|x86 = Debug|x86
		Release|Any CPU = Release|Any CPU
		Release|x64 = Release|x64
		Release|x86 = Release|x86
	EndGlobalSection
	GlobalSection(ProjectConfigurationPlatforms) = postSolution
		{37459F72-DDB3-48BF-8BF1-83B6F793CE40}.Debug|Any CPU.ActiveCfg = Debug|Any CPU
		{37459F72-DDB3-48BF-8BF1-83B6F793CE40}.Debug|Any CPU.Build.0 = Debug|Any CPU
		{37459F72-DDB3-48BF-8BF1-83B6F793CE40}.Debug|x64.ActiveCfg = Debug|Any CPU
		{37459F72-DDB3-48BF-8BF1-83B6F793CE40}.Debug|x64.Build.0 = Debug|Any CPU
		{37459F72-DDB3-48BF-8BF1-83B6F793CE40}.Debug|x86.ActiveCfg = Debug|Any CPU
		{37459F72-DDB3-48BF-8BF1-83B6F793CE40}.Debug|x86.Build.0 = Debug|Any CPU
		{37459F72-DDB3-48BF-8BF1-83B6F793CE40}.Release|Any CPU.ActiveCfg = Release|Any CPU
		{37459F72-DDB3-48BF-8BF1-83B6F793CE40}.Release|Any CPU.Build.0 = Release|Any CPU
		{37459F72-DDB3-48BF-8BF1-83B6F793CE40}.Release|x64.ActiveCfg = Release|Any CPU
		{37459F72-DDB3-48BF-8BF1-83B6F793CE40}.Release|x64.Build.0 = Release|Any CPU
		{37459F72-DDB3-48BF-8BF1-83B6F793CE40}.Release|x86.ActiveCfg = Release|Any CPU
		{37459F72-DDB3-48BF-8BF1-83B6F793CE40}.Release|x86.Build.0 = Release|Any CPU
	EndGlobalSection
	GlobalSection(SolutionProperties) = preSolution
		HideSolutionNode = FALSE
	EndGlobalSection
	GlobalSection(ExtensibilityGlobals) = postSolution
		SolutionGuid = {C4E0C0FA-8229-4675-9234-989AE8EAF947}
	EndGlobalSection
EndGlobal
